
Microsoft Visual Studio Solution File, Format Version 12.00
# Visual Studio Version 17
VisualStudioVersion = 17.12.35209.166
MinimumVisualStudioVersion = 10.0.40219.1
Project("{FAE04EC0-301F-11D3-BF4B-00C04F79EFBC}") = "Group3BitirmeProjesi", "Group3BitirmeProjesi\Group3BitirmeProjesi.csproj", "{21942502-BCEF-436D-902C-C1F05C78784B}"
EndProject
Project("{2150E333-8FDC-42A3-9474-1A3956D46DE8}") = "Solution Items", "Solution Items", "{C9467BFC-A166-4DC3-A74F-12541DCD3E65}"
	ProjectSection(SolutionItems) = preProject
		BilgiveNotlar.txt = BilgiveNotlar.txt
	EndProjectSection
EndProject
Global
	GlobalSection(SolutionConfigurationPlatforms) = preSolution
		Debug|Any CPU = Debug|Any CPU
		Release|Any CPU = Release|Any CPU
	EndGlobalSection
	GlobalSection(ProjectConfigurationPlatforms) = postSolution
		{21942502-BCEF-436D-902C-C1F05C78784B}.Debug|Any CPU.ActiveCfg = Debug|Any CPU
		{21942502-BCEF-436D-902C-C1F05C78784B}.Debug|Any CPU.Build.0 = Debug|Any CPU
		{21942502-BCEF-436D-902C-C1F05C78784B}.Release|Any CPU.ActiveCfg = Release|Any CPU
		{21942502-BCEF-436D-902C-C1F05C78784B}.Release|Any CPU.Build.0 = Release|Any CPU
	EndGlobalSection
	GlobalSection(SolutionProperties) = preSolution
		HideSolutionNode = FALSE
	EndGlobalSection
	GlobalSection(ExtensibilityGlobals) = postSolution
		SolutionGuid = {6967842F-C95C-464C-9453-36CD5C8E8125}
	EndGlobalSection
EndGlobal
